
Microsoft Visual Studio Solution File, Format Version 12.00
# Visual Studio 15
VisualStudioVersion = 15.0.27703.2035
MinimumVisualStudioVersion = 10.0.40219.1
Project("{FAE04EC0-301F-11D3-BF4B-00C04F79EFBC}") = "DAL", "DAL\DAL.csproj", "{16C88F8E-A5F2-4352-A458-2F780F17CBEE}"
EndProject
Project("{FAE04EC0-301F-11D3-BF4B-00C04F79EFBC}") = "Test", "Test\Test.csproj", "{2D1A8114-504B-4940-8A95-8FCDF32EB029}"
EndProject
Project("{FAE04EC0-301F-11D3-BF4B-00C04F79EFBC}") = "Entities", "Entities\Entities.csproj", "{22407B0B-F4AF-464E-9561-E643EDC74B3B}"
EndProject
Global
	GlobalSection(SolutionConfigurationPlatforms) = preSolution
		Debug|Any CPU = Debug|Any CPU
		Release|Any CPU = Release|Any CPU
	EndGlobalSection
	GlobalSection(ProjectConfigurationPlatforms) = postSolution
		{16C88F8E-A5F2-4352-A458-2F780F17CBEE}.Debug|Any CPU.ActiveCfg = Debug|Any CPU
		{16C88F8E-A5F2-4352-A458-2F780F17CBEE}.Debug|Any CPU.Build.0 = Debug|Any CPU
		{16C88F8E-A5F2-4352-A458-2F780F17CBEE}.Release|Any CPU.ActiveCfg = Release|Any CPU
		{16C88F8E-A5F2-4352-A458-2F780F17CBEE}.Release|Any CPU.Build.0 = Release|Any CPU
		{2D1A8114-504B-4940-8A95-8FCDF32EB029}.Debug|Any CPU.ActiveCfg = Debug|Any CPU
		{2D1A8114-504B-4940-8A95-8FCDF32EB029}.Debug|Any CPU.Build.0 = Debug|Any CPU
		{2D1A8114-504B-4940-8A95-8FCDF32EB029}.Release|Any CPU.ActiveCfg = Release|Any CPU
		{2D1A8114-504B-4940-8A95-8FCDF32EB029}.Release|Any CPU.Build.0 = Release|Any CPU
		{22407B0B-F4AF-464E-9561-E643EDC74B3B}.Debug|Any CPU.ActiveCfg = Debug|Any CPU
		{22407B0B-F4AF-464E-9561-E643EDC74B3B}.Debug|Any CPU.Build.0 = Debug|Any CPU
		{22407B0B-F4AF-464E-9561-E643EDC74B3B}.Release|Any CPU.ActiveCfg = Release|Any CPU
		{22407B0B-F4AF-464E-9561-E643EDC74B3B}.Release|Any CPU.Build.0 = Release|Any CPU
	EndGlobalSection
	GlobalSection(SolutionProperties) = preSolution
		HideSolutionNode = FALSE
	EndGlobalSection
	GlobalSection(ExtensibilityGlobals) = postSolution
		SolutionGuid = {615ECB6C-4D38-4DE6-9F27-45FA9B1E3ADA}
	EndGlobalSection
EndGlobal
