
Microsoft Visual Studio Solution File, Format Version 12.00
# Visual Studio 15
VisualStudioVersion = 15.0.27703.2035
MinimumVisualStudioVersion = 10.0.40219.1
Project("{FAE04EC0-301F-11D3-BF4B-00C04F79EFBC}") = "DAL", "DAL\DAL.csproj", "{16C88F8E-A5F2-4352-A458-2F780F17CBEE}"
EndProject
Project("{FAE04EC0-301F-11D3-BF4B-00C04F79EFBC}") = "Test", "Test\Test.csproj", "{2D1A8114-504B-4940-8A95-8FCDF32EB029}"
EndProject
Project("{9A19103F-16F7-4668-BE54-9A1E7A4F7556}") = "Entities", "Entities\Entities.csproj", "{22407B0B-F4AF-464E-9561-E643EDC74B3B}"
EndProject
Project("{9A19103F-16F7-4668-BE54-9A1E7A4F7556}") = "BLL", "BLL\BLL.csproj", "{5C76754F-4DD2-411B-8D08-07674DEDA5C1}"
EndProject
Project("{9A19103F-16F7-4668-BE54-9A1E7A4F7556}") = "SCL", "SCL\SCL.csproj", "{27339F5A-DDA1-4194-A9F6-5874DF2E1499}"
EndProject
Project("{FAE04EC0-301F-11D3-BF4B-00C04F79EFBC}") = "Service", "Service\Service.csproj", "{6E8FAD58-471C-43FC-B2CA-1A5BBC14C9AA}"
EndProject
Project("{9A19103F-16F7-4668-BE54-9A1E7A4F7556}") = "NWindProxyService", "NWindProxyService\NWindProxyService.csproj", "{AA1CD122-8C29-4791-AB90-0FD106ED9AE5}"
EndProject
Project("{2150E333-8FDC-42A3-9474-1A3956D46DE8}") = "PresentationLayer", "PresentationLayer", "{87ADA447-E065-4AB7-BED9-2FFC7DC92730}"
EndProject
Project("{FAE04EC0-301F-11D3-BF4B-00C04F79EFBC}") = "NWind.MVC", "NWind.MVC\NWind.MVC.csproj", "{CB0A103A-055A-4D13-AAD8-EC3B9F0C0E37}"
EndProject
Project("{FAE04EC0-301F-11D3-BF4B-00C04F79EFBC}") = "NWind.WPF", "NWind.WPF\NWind.WPF.csproj", "{233066C6-29EB-4F69-8293-AC2F102BC3AC}"
EndProject
Project("{9A19103F-16F7-4668-BE54-9A1E7A4F7556}") = "NWind.ViewModel", "NWind.ViewModel\NWind.ViewModel.csproj", "{08E90AC9-853D-4C8C-83BE-A932ED7C99A4}"
EndProject
Project("{FAE04EC0-301F-11D3-BF4B-00C04F79EFBC}") = "NWind.Xamarin.Android", "NWind.Xamarin\NWind.Xamarin.Android\NWind.Xamarin.Android.csproj", "{59B56A5D-C9B8-4A5E-AB85-4A86F8F5135F}"
EndProject
Project("{FAE04EC0-301F-11D3-BF4B-00C04F79EFBC}") = "NWind.Xamarin.iOS", "NWind.Xamarin\NWind.Xamarin.iOS\NWind.Xamarin.iOS.csproj", "{111FF97D-281A-4BAE-B3F9-C6E25D3E654A}"
EndProject
Project("{FAE04EC0-301F-11D3-BF4B-00C04F79EFBC}") = "NWind.Xamarin", "NWind.Xamarin\NWind.Xamarin\NWind.Xamarin.csproj", "{34C647E8-4C51-4D01-A013-7BAA7B297FB6}"
EndProject
Global
	GlobalSection(SolutionConfigurationPlatforms) = preSolution
		Ad-Hoc|Any CPU = Ad-Hoc|Any CPU
		Ad-Hoc|iPhone = Ad-Hoc|iPhone
		Ad-Hoc|iPhoneSimulator = Ad-Hoc|iPhoneSimulator
		AppStore|Any CPU = AppStore|Any CPU
		AppStore|iPhone = AppStore|iPhone
		AppStore|iPhoneSimulator = AppStore|iPhoneSimulator
		Debug|Any CPU = Debug|Any CPU
		Debug|iPhone = Debug|iPhone
		Debug|iPhoneSimulator = Debug|iPhoneSimulator
		Release|Any CPU = Release|Any CPU
		Release|iPhone = Release|iPhone
		Release|iPhoneSimulator = Release|iPhoneSimulator
	EndGlobalSection
	GlobalSection(ProjectConfigurationPlatforms) = postSolution
		{16C88F8E-A5F2-4352-A458-2F780F17CBEE}.Ad-Hoc|Any CPU.ActiveCfg = Release|Any CPU
		{16C88F8E-A5F2-4352-A458-2F780F17CBEE}.Ad-Hoc|Any CPU.Build.0 = Release|Any CPU
		{16C88F8E-A5F2-4352-A458-2F780F17CBEE}.Ad-Hoc|iPhone.ActiveCfg = Release|Any CPU
		{16C88F8E-A5F2-4352-A458-2F780F17CBEE}.Ad-Hoc|iPhone.Build.0 = Release|Any CPU
		{16C88F8E-A5F2-4352-A458-2F780F17CBEE}.Ad-Hoc|iPhoneSimulator.ActiveCfg = Release|Any CPU
		{16C88F8E-A5F2-4352-A458-2F780F17CBEE}.Ad-Hoc|iPhoneSimulator.Build.0 = Release|Any CPU
		{16C88F8E-A5F2-4352-A458-2F780F17CBEE}.AppStore|Any CPU.ActiveCfg = Release|Any CPU
		{16C88F8E-A5F2-4352-A458-2F780F17CBEE}.AppStore|Any CPU.Build.0 = Release|Any CPU
		{16C88F8E-A5F2-4352-A458-2F780F17CBEE}.AppStore|iPhone.ActiveCfg = Release|Any CPU
		{16C88F8E-A5F2-4352-A458-2F780F17CBEE}.AppStore|iPhone.Build.0 = Release|Any CPU
		{16C88F8E-A5F2-4352-A458-2F780F17CBEE}.AppStore|iPhoneSimulator.ActiveCfg = Release|Any CPU
		{16C88F8E-A5F2-4352-A458-2F780F17CBEE}.AppStore|iPhoneSimulator.Build.0 = Release|Any CPU
		{16C88F8E-A5F2-4352-A458-2F780F17CBEE}.Debug|Any CPU.ActiveCfg = Debug|Any CPU
		{16C88F8E-A5F2-4352-A458-2F780F17CBEE}.Debug|Any CPU.Build.0 = Debug|Any CPU
		{16C88F8E-A5F2-4352-A458-2F780F17CBEE}.Debug|iPhone.ActiveCfg = Debug|Any CPU
		{16C88F8E-A5F2-4352-A458-2F780F17CBEE}.Debug|iPhone.Build.0 = Debug|Any CPU
		{16C88F8E-A5F2-4352-A458-2F780F17CBEE}.Debug|iPhoneSimulator.ActiveCfg = Debug|Any CPU
		{16C88F8E-A5F2-4352-A458-2F780F17CBEE}.Debug|iPhoneSimulator.Build.0 = Debug|Any CPU
		{16C88F8E-A5F2-4352-A458-2F780F17CBEE}.Release|Any CPU.ActiveCfg = Release|Any CPU
		{16C88F8E-A5F2-4352-A458-2F780F17CBEE}.Release|Any CPU.Build.0 = Release|Any CPU
		{16C88F8E-A5F2-4352-A458-2F780F17CBEE}.Release|iPhone.ActiveCfg = Release|Any CPU
		{16C88F8E-A5F2-4352-A458-2F780F17CBEE}.Release|iPhone.Build.0 = Release|Any CPU
		{16C88F8E-A5F2-4352-A458-2F780F17CBEE}.Release|iPhoneSimulator.ActiveCfg = Release|Any CPU
		{16C88F8E-A5F2-4352-A458-2F780F17CBEE}.Release|iPhoneSimulator.Build.0 = Release|Any CPU
		{2D1A8114-504B-4940-8A95-8FCDF32EB029}.Ad-Hoc|Any CPU.ActiveCfg = Release|Any CPU
		{2D1A8114-504B-4940-8A95-8FCDF32EB029}.Ad-Hoc|Any CPU.Build.0 = Release|Any CPU
		{2D1A8114-504B-4940-8A95-8FCDF32EB029}.Ad-Hoc|iPhone.ActiveCfg = Release|Any CPU
		{2D1A8114-504B-4940-8A95-8FCDF32EB029}.Ad-Hoc|iPhone.Build.0 = Release|Any CPU
		{2D1A8114-504B-4940-8A95-8FCDF32EB029}.Ad-Hoc|iPhoneSimulator.ActiveCfg = Release|Any CPU
		{2D1A8114-504B-4940-8A95-8FCDF32EB029}.Ad-Hoc|iPhoneSimulator.Build.0 = Release|Any CPU
		{2D1A8114-504B-4940-8A95-8FCDF32EB029}.AppStore|Any CPU.ActiveCfg = Release|Any CPU
		{2D1A8114-504B-4940-8A95-8FCDF32EB029}.AppStore|Any CPU.Build.0 = Release|Any CPU
		{2D1A8114-504B-4940-8A95-8FCDF32EB029}.AppStore|iPhone.ActiveCfg = Release|Any CPU
		{2D1A8114-504B-4940-8A95-8FCDF32EB029}.AppStore|iPhone.Build.0 = Release|Any CPU
		{2D1A8114-504B-4940-8A95-8FCDF32EB029}.AppStore|iPhoneSimulator.ActiveCfg = Release|Any CPU
		{2D1A8114-504B-4940-8A95-8FCDF32EB029}.AppStore|iPhoneSimulator.Build.0 = Release|Any CPU
		{2D1A8114-504B-4940-8A95-8FCDF32EB029}.Debug|Any CPU.ActiveCfg = Debug|Any CPU
		{2D1A8114-504B-4940-8A95-8FCDF32EB029}.Debug|Any CPU.Build.0 = Debug|Any CPU
		{2D1A8114-504B-4940-8A95-8FCDF32EB029}.Debug|iPhone.ActiveCfg = Debug|Any CPU
		{2D1A8114-504B-4940-8A95-8FCDF32EB029}.Debug|iPhone.Build.0 = Debug|Any CPU
		{2D1A8114-504B-4940-8A95-8FCDF32EB029}.Debug|iPhoneSimulator.ActiveCfg = Debug|Any CPU
		{2D1A8114-504B-4940-8A95-8FCDF32EB029}.Debug|iPhoneSimulator.Build.0 = Debug|Any CPU
		{2D1A8114-504B-4940-8A95-8FCDF32EB029}.Release|Any CPU.ActiveCfg = Release|Any CPU
		{2D1A8114-504B-4940-8A95-8FCDF32EB029}.Release|Any CPU.Build.0 = Release|Any CPU
		{2D1A8114-504B-4940-8A95-8FCDF32EB029}.Release|iPhone.ActiveCfg = Release|Any CPU
		{2D1A8114-504B-4940-8A95-8FCDF32EB029}.Release|iPhone.Build.0 = Release|Any CPU
		{2D1A8114-504B-4940-8A95-8FCDF32EB029}.Release|iPhoneSimulator.ActiveCfg = Release|Any CPU
		{2D1A8114-504B-4940-8A95-8FCDF32EB029}.Release|iPhoneSimulator.Build.0 = Release|Any CPU
		{22407B0B-F4AF-464E-9561-E643EDC74B3B}.Ad-Hoc|Any CPU.ActiveCfg = Release|Any CPU
		{22407B0B-F4AF-464E-9561-E643EDC74B3B}.Ad-Hoc|Any CPU.Build.0 = Release|Any CPU
		{22407B0B-F4AF-464E-9561-E643EDC74B3B}.Ad-Hoc|iPhone.ActiveCfg = Release|Any CPU
		{22407B0B-F4AF-464E-9561-E643EDC74B3B}.Ad-Hoc|iPhone.Build.0 = Release|Any CPU
		{22407B0B-F4AF-464E-9561-E643EDC74B3B}.Ad-Hoc|iPhoneSimulator.ActiveCfg = Release|Any CPU
		{22407B0B-F4AF-464E-9561-E643EDC74B3B}.Ad-Hoc|iPhoneSimulator.Build.0 = Release|Any CPU
		{22407B0B-F4AF-464E-9561-E643EDC74B3B}.AppStore|Any CPU.ActiveCfg = Release|Any CPU
		{22407B0B-F4AF-464E-9561-E643EDC74B3B}.AppStore|Any CPU.Build.0 = Release|Any CPU
		{22407B0B-F4AF-464E-9561-E643EDC74B3B}.AppStore|iPhone.ActiveCfg = Release|Any CPU
		{22407B0B-F4AF-464E-9561-E643EDC74B3B}.AppStore|iPhone.Build.0 = Release|Any CPU
		{22407B0B-F4AF-464E-9561-E643EDC74B3B}.AppStore|iPhoneSimulator.ActiveCfg = Release|Any CPU
		{22407B0B-F4AF-464E-9561-E643EDC74B3B}.AppStore|iPhoneSimulator.Build.0 = Release|Any CPU
		{22407B0B-F4AF-464E-9561-E643EDC74B3B}.Debug|Any CPU.ActiveCfg = Debug|Any CPU
		{22407B0B-F4AF-464E-9561-E643EDC74B3B}.Debug|Any CPU.Build.0 = Debug|Any CPU
		{22407B0B-F4AF-464E-9561-E643EDC74B3B}.Debug|iPhone.ActiveCfg = Debug|Any CPU
		{22407B0B-F4AF-464E-9561-E643EDC74B3B}.Debug|iPhone.Build.0 = Debug|Any CPU
		{22407B0B-F4AF-464E-9561-E643EDC74B3B}.Debug|iPhoneSimulator.ActiveCfg = Debug|Any CPU
		{22407B0B-F4AF-464E-9561-E643EDC74B3B}.Debug|iPhoneSimulator.Build.0 = Debug|Any CPU
		{22407B0B-F4AF-464E-9561-E643EDC74B3B}.Release|Any CPU.ActiveCfg = Release|Any CPU
		{22407B0B-F4AF-464E-9561-E643EDC74B3B}.Release|Any CPU.Build.0 = Release|Any CPU
		{22407B0B-F4AF-464E-9561-E643EDC74B3B}.Release|iPhone.ActiveCfg = Release|Any CPU
		{22407B0B-F4AF-464E-9561-E643EDC74B3B}.Release|iPhone.Build.0 = Release|Any CPU
		{22407B0B-F4AF-464E-9561-E643EDC74B3B}.Release|iPhoneSimulator.ActiveCfg = Release|Any CPU
		{22407B0B-F4AF-464E-9561-E643EDC74B3B}.Release|iPhoneSimulator.Build.0 = Release|Any CPU
		{5C76754F-4DD2-411B-8D08-07674DEDA5C1}.Ad-Hoc|Any CPU.ActiveCfg = Release|Any CPU
		{5C76754F-4DD2-411B-8D08-07674DEDA5C1}.Ad-Hoc|Any CPU.Build.0 = Release|Any CPU
		{5C76754F-4DD2-411B-8D08-07674DEDA5C1}.Ad-Hoc|iPhone.ActiveCfg = Release|Any CPU
		{5C76754F-4DD2-411B-8D08-07674DEDA5C1}.Ad-Hoc|iPhone.Build.0 = Release|Any CPU
		{5C76754F-4DD2-411B-8D08-07674DEDA5C1}.Ad-Hoc|iPhoneSimulator.ActiveCfg = Release|Any CPU
		{5C76754F-4DD2-411B-8D08-07674DEDA5C1}.Ad-Hoc|iPhoneSimulator.Build.0 = Release|Any CPU
		{5C76754F-4DD2-411B-8D08-07674DEDA5C1}.AppStore|Any CPU.ActiveCfg = Release|Any CPU
		{5C76754F-4DD2-411B-8D08-07674DEDA5C1}.AppStore|Any CPU.Build.0 = Release|Any CPU
		{5C76754F-4DD2-411B-8D08-07674DEDA5C1}.AppStore|iPhone.ActiveCfg = Release|Any CPU
		{5C76754F-4DD2-411B-8D08-07674DEDA5C1}.AppStore|iPhone.Build.0 = Release|Any CPU
		{5C76754F-4DD2-411B-8D08-07674DEDA5C1}.AppStore|iPhoneSimulator.ActiveCfg = Release|Any CPU
		{5C76754F-4DD2-411B-8D08-07674DEDA5C1}.AppStore|iPhoneSimulator.Build.0 = Release|Any CPU
		{5C76754F-4DD2-411B-8D08-07674DEDA5C1}.Debug|Any CPU.ActiveCfg = Debug|Any CPU
		{5C76754F-4DD2-411B-8D08-07674DEDA5C1}.Debug|Any CPU.Build.0 = Debug|Any CPU
		{5C76754F-4DD2-411B-8D08-07674DEDA5C1}.Debug|iPhone.ActiveCfg = Debug|Any CPU
		{5C76754F-4DD2-411B-8D08-07674DEDA5C1}.Debug|iPhone.Build.0 = Debug|Any CPU
		{5C76754F-4DD2-411B-8D08-07674DEDA5C1}.Debug|iPhoneSimulator.ActiveCfg = Debug|Any CPU
		{5C76754F-4DD2-411B-8D08-07674DEDA5C1}.Debug|iPhoneSimulator.Build.0 = Debug|Any CPU
		{5C76754F-4DD2-411B-8D08-07674DEDA5C1}.Release|Any CPU.ActiveCfg = Release|Any CPU
		{5C76754F-4DD2-411B-8D08-07674DEDA5C1}.Release|Any CPU.Build.0 = Release|Any CPU
		{5C76754F-4DD2-411B-8D08-07674DEDA5C1}.Release|iPhone.ActiveCfg = Release|Any CPU
		{5C76754F-4DD2-411B-8D08-07674DEDA5C1}.Release|iPhone.Build.0 = Release|Any CPU
		{5C76754F-4DD2-411B-8D08-07674DEDA5C1}.Release|iPhoneSimulator.ActiveCfg = Release|Any CPU
		{5C76754F-4DD2-411B-8D08-07674DEDA5C1}.Release|iPhoneSimulator.Build.0 = Release|Any CPU
		{27339F5A-DDA1-4194-A9F6-5874DF2E1499}.Ad-Hoc|Any CPU.ActiveCfg = Release|Any CPU
		{27339F5A-DDA1-4194-A9F6-5874DF2E1499}.Ad-Hoc|Any CPU.Build.0 = Release|Any CPU
		{27339F5A-DDA1-4194-A9F6-5874DF2E1499}.Ad-Hoc|iPhone.ActiveCfg = Release|Any CPU
		{27339F5A-DDA1-4194-A9F6-5874DF2E1499}.Ad-Hoc|iPhone.Build.0 = Release|Any CPU
		{27339F5A-DDA1-4194-A9F6-5874DF2E1499}.Ad-Hoc|iPhoneSimulator.ActiveCfg = Release|Any CPU
		{27339F5A-DDA1-4194-A9F6-5874DF2E1499}.Ad-Hoc|iPhoneSimulator.Build.0 = Release|Any CPU
		{27339F5A-DDA1-4194-A9F6-5874DF2E1499}.AppStore|Any CPU.ActiveCfg = Release|Any CPU
		{27339F5A-DDA1-4194-A9F6-5874DF2E1499}.AppStore|Any CPU.Build.0 = Release|Any CPU
		{27339F5A-DDA1-4194-A9F6-5874DF2E1499}.AppStore|iPhone.ActiveCfg = Release|Any CPU
		{27339F5A-DDA1-4194-A9F6-5874DF2E1499}.AppStore|iPhone.Build.0 = Release|Any CPU
		{27339F5A-DDA1-4194-A9F6-5874DF2E1499}.AppStore|iPhoneSimulator.ActiveCfg = Release|Any CPU
		{27339F5A-DDA1-4194-A9F6-5874DF2E1499}.AppStore|iPhoneSimulator.Build.0 = Release|Any CPU
		{27339F5A-DDA1-4194-A9F6-5874DF2E1499}.Debug|Any CPU.ActiveCfg = Debug|Any CPU
		{27339F5A-DDA1-4194-A9F6-5874DF2E1499}.Debug|Any CPU.Build.0 = Debug|Any CPU
		{27339F5A-DDA1-4194-A9F6-5874DF2E1499}.Debug|iPhone.ActiveCfg = Debug|Any CPU
		{27339F5A-DDA1-4194-A9F6-5874DF2E1499}.Debug|iPhone.Build.0 = Debug|Any CPU
		{27339F5A-DDA1-4194-A9F6-5874DF2E1499}.Debug|iPhoneSimulator.ActiveCfg = Debug|Any CPU
		{27339F5A-DDA1-4194-A9F6-5874DF2E1499}.Debug|iPhoneSimulator.Build.0 = Debug|Any CPU
		{27339F5A-DDA1-4194-A9F6-5874DF2E1499}.Release|Any CPU.ActiveCfg = Release|Any CPU
		{27339F5A-DDA1-4194-A9F6-5874DF2E1499}.Release|Any CPU.Build.0 = Release|Any CPU
		{27339F5A-DDA1-4194-A9F6-5874DF2E1499}.Release|iPhone.ActiveCfg = Release|Any CPU
		{27339F5A-DDA1-4194-A9F6-5874DF2E1499}.Release|iPhone.Build.0 = Release|Any CPU
		{27339F5A-DDA1-4194-A9F6-5874DF2E1499}.Release|iPhoneSimulator.ActiveCfg = Release|Any CPU
		{27339F5A-DDA1-4194-A9F6-5874DF2E1499}.Release|iPhoneSimulator.Build.0 = Release|Any CPU
		{6E8FAD58-471C-43FC-B2CA-1A5BBC14C9AA}.Ad-Hoc|Any CPU.ActiveCfg = Release|Any CPU
		{6E8FAD58-471C-43FC-B2CA-1A5BBC14C9AA}.Ad-Hoc|Any CPU.Build.0 = Release|Any CPU
		{6E8FAD58-471C-43FC-B2CA-1A5BBC14C9AA}.Ad-Hoc|iPhone.ActiveCfg = Release|Any CPU
		{6E8FAD58-471C-43FC-B2CA-1A5BBC14C9AA}.Ad-Hoc|iPhone.Build.0 = Release|Any CPU
		{6E8FAD58-471C-43FC-B2CA-1A5BBC14C9AA}.Ad-Hoc|iPhoneSimulator.ActiveCfg = Release|Any CPU
		{6E8FAD58-471C-43FC-B2CA-1A5BBC14C9AA}.Ad-Hoc|iPhoneSimulator.Build.0 = Release|Any CPU
		{6E8FAD58-471C-43FC-B2CA-1A5BBC14C9AA}.AppStore|Any CPU.ActiveCfg = Release|Any CPU
		{6E8FAD58-471C-43FC-B2CA-1A5BBC14C9AA}.AppStore|Any CPU.Build.0 = Release|Any CPU
		{6E8FAD58-471C-43FC-B2CA-1A5BBC14C9AA}.AppStore|iPhone.ActiveCfg = Release|Any CPU
		{6E8FAD58-471C-43FC-B2CA-1A5BBC14C9AA}.AppStore|iPhone.Build.0 = Release|Any CPU
		{6E8FAD58-471C-43FC-B2CA-1A5BBC14C9AA}.AppStore|iPhoneSimulator.ActiveCfg = Release|Any CPU
		{6E8FAD58-471C-43FC-B2CA-1A5BBC14C9AA}.AppStore|iPhoneSimulator.Build.0 = Release|Any CPU
		{6E8FAD58-471C-43FC-B2CA-1A5BBC14C9AA}.Debug|Any CPU.ActiveCfg = Debug|Any CPU
		{6E8FAD58-471C-43FC-B2CA-1A5BBC14C9AA}.Debug|Any CPU.Build.0 = Debug|Any CPU
		{6E8FAD58-471C-43FC-B2CA-1A5BBC14C9AA}.Debug|iPhone.ActiveCfg = Debug|Any CPU
		{6E8FAD58-471C-43FC-B2CA-1A5BBC14C9AA}.Debug|iPhone.Build.0 = Debug|Any CPU
		{6E8FAD58-471C-43FC-B2CA-1A5BBC14C9AA}.Debug|iPhoneSimulator.ActiveCfg = Debug|Any CPU
		{6E8FAD58-471C-43FC-B2CA-1A5BBC14C9AA}.Debug|iPhoneSimulator.Build.0 = Debug|Any CPU
		{6E8FAD58-471C-43FC-B2CA-1A5BBC14C9AA}.Release|Any CPU.ActiveCfg = Release|Any CPU
		{6E8FAD58-471C-43FC-B2CA-1A5BBC14C9AA}.Release|Any CPU.Build.0 = Release|Any CPU
		{6E8FAD58-471C-43FC-B2CA-1A5BBC14C9AA}.Release|iPhone.ActiveCfg = Release|Any CPU
		{6E8FAD58-471C-43FC-B2CA-1A5BBC14C9AA}.Release|iPhone.Build.0 = Release|Any CPU
		{6E8FAD58-471C-43FC-B2CA-1A5BBC14C9AA}.Release|iPhoneSimulator.ActiveCfg = Release|Any CPU
		{6E8FAD58-471C-43FC-B2CA-1A5BBC14C9AA}.Release|iPhoneSimulator.Build.0 = Release|Any CPU
		{AA1CD122-8C29-4791-AB90-0FD106ED9AE5}.Ad-Hoc|Any CPU.ActiveCfg = Release|Any CPU
		{AA1CD122-8C29-4791-AB90-0FD106ED9AE5}.Ad-Hoc|Any CPU.Build.0 = Release|Any CPU
		{AA1CD122-8C29-4791-AB90-0FD106ED9AE5}.Ad-Hoc|iPhone.ActiveCfg = Release|Any CPU
		{AA1CD122-8C29-4791-AB90-0FD106ED9AE5}.Ad-Hoc|iPhone.Build.0 = Release|Any CPU
		{AA1CD122-8C29-4791-AB90-0FD106ED9AE5}.Ad-Hoc|iPhoneSimulator.ActiveCfg = Release|Any CPU
		{AA1CD122-8C29-4791-AB90-0FD106ED9AE5}.Ad-Hoc|iPhoneSimulator.Build.0 = Release|Any CPU
		{AA1CD122-8C29-4791-AB90-0FD106ED9AE5}.AppStore|Any CPU.ActiveCfg = Release|Any CPU
		{AA1CD122-8C29-4791-AB90-0FD106ED9AE5}.AppStore|Any CPU.Build.0 = Release|Any CPU
		{AA1CD122-8C29-4791-AB90-0FD106ED9AE5}.AppStore|iPhone.ActiveCfg = Release|Any CPU
		{AA1CD122-8C29-4791-AB90-0FD106ED9AE5}.AppStore|iPhone.Build.0 = Release|Any CPU
		{AA1CD122-8C29-4791-AB90-0FD106ED9AE5}.AppStore|iPhoneSimulator.ActiveCfg = Release|Any CPU
		{AA1CD122-8C29-4791-AB90-0FD106ED9AE5}.AppStore|iPhoneSimulator.Build.0 = Release|Any CPU
		{AA1CD122-8C29-4791-AB90-0FD106ED9AE5}.Debug|Any CPU.ActiveCfg = Debug|Any CPU
		{AA1CD122-8C29-4791-AB90-0FD106ED9AE5}.Debug|Any CPU.Build.0 = Debug|Any CPU
		{AA1CD122-8C29-4791-AB90-0FD106ED9AE5}.Debug|iPhone.ActiveCfg = Debug|Any CPU
		{AA1CD122-8C29-4791-AB90-0FD106ED9AE5}.Debug|iPhone.Build.0 = Debug|Any CPU
		{AA1CD122-8C29-4791-AB90-0FD106ED9AE5}.Debug|iPhoneSimulator.ActiveCfg = Debug|Any CPU
		{AA1CD122-8C29-4791-AB90-0FD106ED9AE5}.Debug|iPhoneSimulator.Build.0 = Debug|Any CPU
		{AA1CD122-8C29-4791-AB90-0FD106ED9AE5}.Release|Any CPU.ActiveCfg = Release|Any CPU
		{AA1CD122-8C29-4791-AB90-0FD106ED9AE5}.Release|Any CPU.Build.0 = Release|Any CPU
		{AA1CD122-8C29-4791-AB90-0FD106ED9AE5}.Release|iPhone.ActiveCfg = Release|Any CPU
		{AA1CD122-8C29-4791-AB90-0FD106ED9AE5}.Release|iPhone.Build.0 = Release|Any CPU
		{AA1CD122-8C29-4791-AB90-0FD106ED9AE5}.Release|iPhoneSimulator.ActiveCfg = Release|Any CPU
		{AA1CD122-8C29-4791-AB90-0FD106ED9AE5}.Release|iPhoneSimulator.Build.0 = Release|Any CPU
		{CB0A103A-055A-4D13-AAD8-EC3B9F0C0E37}.Ad-Hoc|Any CPU.ActiveCfg = Release|Any CPU
		{CB0A103A-055A-4D13-AAD8-EC3B9F0C0E37}.Ad-Hoc|Any CPU.Build.0 = Release|Any CPU
		{CB0A103A-055A-4D13-AAD8-EC3B9F0C0E37}.Ad-Hoc|iPhone.ActiveCfg = Release|Any CPU
		{CB0A103A-055A-4D13-AAD8-EC3B9F0C0E37}.Ad-Hoc|iPhone.Build.0 = Release|Any CPU
		{CB0A103A-055A-4D13-AAD8-EC3B9F0C0E37}.Ad-Hoc|iPhoneSimulator.ActiveCfg = Release|Any CPU
		{CB0A103A-055A-4D13-AAD8-EC3B9F0C0E37}.Ad-Hoc|iPhoneSimulator.Build.0 = Release|Any CPU
		{CB0A103A-055A-4D13-AAD8-EC3B9F0C0E37}.AppStore|Any CPU.ActiveCfg = Release|Any CPU
		{CB0A103A-055A-4D13-AAD8-EC3B9F0C0E37}.AppStore|Any CPU.Build.0 = Release|Any CPU
		{CB0A103A-055A-4D13-AAD8-EC3B9F0C0E37}.AppStore|iPhone.ActiveCfg = Release|Any CPU
		{CB0A103A-055A-4D13-AAD8-EC3B9F0C0E37}.AppStore|iPhone.Build.0 = Release|Any CPU
		{CB0A103A-055A-4D13-AAD8-EC3B9F0C0E37}.AppStore|iPhoneSimulator.ActiveCfg = Release|Any CPU
		{CB0A103A-055A-4D13-AAD8-EC3B9F0C0E37}.AppStore|iPhoneSimulator.Build.0 = Release|Any CPU
		{CB0A103A-055A-4D13-AAD8-EC3B9F0C0E37}.Debug|Any CPU.ActiveCfg = Debug|Any CPU
		{CB0A103A-055A-4D13-AAD8-EC3B9F0C0E37}.Debug|Any CPU.Build.0 = Debug|Any CPU
		{CB0A103A-055A-4D13-AAD8-EC3B9F0C0E37}.Debug|iPhone.ActiveCfg = Debug|Any CPU
		{CB0A103A-055A-4D13-AAD8-EC3B9F0C0E37}.Debug|iPhone.Build.0 = Debug|Any CPU
		{CB0A103A-055A-4D13-AAD8-EC3B9F0C0E37}.Debug|iPhoneSimulator.ActiveCfg = Debug|Any CPU
		{CB0A103A-055A-4D13-AAD8-EC3B9F0C0E37}.Debug|iPhoneSimulator.Build.0 = Debug|Any CPU
		{CB0A103A-055A-4D13-AAD8-EC3B9F0C0E37}.Release|Any CPU.ActiveCfg = Release|Any CPU
		{CB0A103A-055A-4D13-AAD8-EC3B9F0C0E37}.Release|Any CPU.Build.0 = Release|Any CPU
		{CB0A103A-055A-4D13-AAD8-EC3B9F0C0E37}.Release|iPhone.ActiveCfg = Release|Any CPU
		{CB0A103A-055A-4D13-AAD8-EC3B9F0C0E37}.Release|iPhone.Build.0 = Release|Any CPU
		{CB0A103A-055A-4D13-AAD8-EC3B9F0C0E37}.Release|iPhoneSimulator.ActiveCfg = Release|Any CPU
		{CB0A103A-055A-4D13-AAD8-EC3B9F0C0E37}.Release|iPhoneSimulator.Build.0 = Release|Any CPU
		{233066C6-29EB-4F69-8293-AC2F102BC3AC}.Ad-Hoc|Any CPU.ActiveCfg = Release|Any CPU
		{233066C6-29EB-4F69-8293-AC2F102BC3AC}.Ad-Hoc|Any CPU.Build.0 = Release|Any CPU
		{233066C6-29EB-4F69-8293-AC2F102BC3AC}.Ad-Hoc|iPhone.ActiveCfg = Release|Any CPU
		{233066C6-29EB-4F69-8293-AC2F102BC3AC}.Ad-Hoc|iPhone.Build.0 = Release|Any CPU
		{233066C6-29EB-4F69-8293-AC2F102BC3AC}.Ad-Hoc|iPhoneSimulator.ActiveCfg = Release|Any CPU
		{233066C6-29EB-4F69-8293-AC2F102BC3AC}.Ad-Hoc|iPhoneSimulator.Build.0 = Release|Any CPU
		{233066C6-29EB-4F69-8293-AC2F102BC3AC}.AppStore|Any CPU.ActiveCfg = Release|Any CPU
		{233066C6-29EB-4F69-8293-AC2F102BC3AC}.AppStore|Any CPU.Build.0 = Release|Any CPU
		{233066C6-29EB-4F69-8293-AC2F102BC3AC}.AppStore|iPhone.ActiveCfg = Release|Any CPU
		{233066C6-29EB-4F69-8293-AC2F102BC3AC}.AppStore|iPhone.Build.0 = Release|Any CPU
		{233066C6-29EB-4F69-8293-AC2F102BC3AC}.AppStore|iPhoneSimulator.ActiveCfg = Release|Any CPU
		{233066C6-29EB-4F69-8293-AC2F102BC3AC}.AppStore|iPhoneSimulator.Build.0 = Release|Any CPU
		{233066C6-29EB-4F69-8293-AC2F102BC3AC}.Debug|Any CPU.ActiveCfg = Debug|Any CPU
		{233066C6-29EB-4F69-8293-AC2F102BC3AC}.Debug|Any CPU.Build.0 = Debug|Any CPU
		{233066C6-29EB-4F69-8293-AC2F102BC3AC}.Debug|iPhone.ActiveCfg = Debug|Any CPU
		{233066C6-29EB-4F69-8293-AC2F102BC3AC}.Debug|iPhone.Build.0 = Debug|Any CPU
		{233066C6-29EB-4F69-8293-AC2F102BC3AC}.Debug|iPhoneSimulator.ActiveCfg = Debug|Any CPU
		{233066C6-29EB-4F69-8293-AC2F102BC3AC}.Debug|iPhoneSimulator.Build.0 = Debug|Any CPU
		{233066C6-29EB-4F69-8293-AC2F102BC3AC}.Release|Any CPU.ActiveCfg = Release|Any CPU
		{233066C6-29EB-4F69-8293-AC2F102BC3AC}.Release|Any CPU.Build.0 = Release|Any CPU
		{233066C6-29EB-4F69-8293-AC2F102BC3AC}.Release|iPhone.ActiveCfg = Release|Any CPU
		{233066C6-29EB-4F69-8293-AC2F102BC3AC}.Release|iPhone.Build.0 = Release|Any CPU
		{233066C6-29EB-4F69-8293-AC2F102BC3AC}.Release|iPhoneSimulator.ActiveCfg = Release|Any CPU
		{233066C6-29EB-4F69-8293-AC2F102BC3AC}.Release|iPhoneSimulator.Build.0 = Release|Any CPU
		{08E90AC9-853D-4C8C-83BE-A932ED7C99A4}.Ad-Hoc|Any CPU.ActiveCfg = Release|Any CPU
		{08E90AC9-853D-4C8C-83BE-A932ED7C99A4}.Ad-Hoc|Any CPU.Build.0 = Release|Any CPU
		{08E90AC9-853D-4C8C-83BE-A932ED7C99A4}.Ad-Hoc|iPhone.ActiveCfg = Release|Any CPU
		{08E90AC9-853D-4C8C-83BE-A932ED7C99A4}.Ad-Hoc|iPhone.Build.0 = Release|Any CPU
		{08E90AC9-853D-4C8C-83BE-A932ED7C99A4}.Ad-Hoc|iPhoneSimulator.ActiveCfg = Release|Any CPU
		{08E90AC9-853D-4C8C-83BE-A932ED7C99A4}.Ad-Hoc|iPhoneSimulator.Build.0 = Release|Any CPU
		{08E90AC9-853D-4C8C-83BE-A932ED7C99A4}.AppStore|Any CPU.ActiveCfg = Release|Any CPU
		{08E90AC9-853D-4C8C-83BE-A932ED7C99A4}.AppStore|Any CPU.Build.0 = Release|Any CPU
		{08E90AC9-853D-4C8C-83BE-A932ED7C99A4}.AppStore|iPhone.ActiveCfg = Release|Any CPU
		{08E90AC9-853D-4C8C-83BE-A932ED7C99A4}.AppStore|iPhone.Build.0 = Release|Any CPU
		{08E90AC9-853D-4C8C-83BE-A932ED7C99A4}.AppStore|iPhoneSimulator.ActiveCfg = Release|Any CPU
		{08E90AC9-853D-4C8C-83BE-A932ED7C99A4}.AppStore|iPhoneSimulator.Build.0 = Release|Any CPU
		{08E90AC9-853D-4C8C-83BE-A932ED7C99A4}.Debug|Any CPU.ActiveCfg = Debug|Any CPU
		{08E90AC9-853D-4C8C-83BE-A932ED7C99A4}.Debug|Any CPU.Build.0 = Debug|Any CPU
		{08E90AC9-853D-4C8C-83BE-A932ED7C99A4}.Debug|iPhone.ActiveCfg = Debug|Any CPU
		{08E90AC9-853D-4C8C-83BE-A932ED7C99A4}.Debug|iPhone.Build.0 = Debug|Any CPU
		{08E90AC9-853D-4C8C-83BE-A932ED7C99A4}.Debug|iPhoneSimulator.ActiveCfg = Debug|Any CPU
		{08E90AC9-853D-4C8C-83BE-A932ED7C99A4}.Debug|iPhoneSimulator.Build.0 = Debug|Any CPU
		{08E90AC9-853D-4C8C-83BE-A932ED7C99A4}.Release|Any CPU.ActiveCfg = Release|Any CPU
		{08E90AC9-853D-4C8C-83BE-A932ED7C99A4}.Release|Any CPU.Build.0 = Release|Any CPU
		{08E90AC9-853D-4C8C-83BE-A932ED7C99A4}.Release|iPhone.ActiveCfg = Release|Any CPU
		{08E90AC9-853D-4C8C-83BE-A932ED7C99A4}.Release|iPhone.Build.0 = Release|Any CPU
		{08E90AC9-853D-4C8C-83BE-A932ED7C99A4}.Release|iPhoneSimulator.ActiveCfg = Release|Any CPU
		{08E90AC9-853D-4C8C-83BE-A932ED7C99A4}.Release|iPhoneSimulator.Build.0 = Release|Any CPU
		{59B56A5D-C9B8-4A5E-AB85-4A86F8F5135F}.Ad-Hoc|Any CPU.ActiveCfg = Release|Any CPU
		{59B56A5D-C9B8-4A5E-AB85-4A86F8F5135F}.Ad-Hoc|Any CPU.Build.0 = Release|Any CPU
		{59B56A5D-C9B8-4A5E-AB85-4A86F8F5135F}.Ad-Hoc|Any CPU.Deploy.0 = Release|Any CPU
		{59B56A5D-C9B8-4A5E-AB85-4A86F8F5135F}.Ad-Hoc|iPhone.ActiveCfg = Release|Any CPU
		{59B56A5D-C9B8-4A5E-AB85-4A86F8F5135F}.Ad-Hoc|iPhone.Build.0 = Release|Any CPU
		{59B56A5D-C9B8-4A5E-AB85-4A86F8F5135F}.Ad-Hoc|iPhone.Deploy.0 = Release|Any CPU
		{59B56A5D-C9B8-4A5E-AB85-4A86F8F5135F}.Ad-Hoc|iPhoneSimulator.ActiveCfg = Release|Any CPU
		{59B56A5D-C9B8-4A5E-AB85-4A86F8F5135F}.Ad-Hoc|iPhoneSimulator.Build.0 = Release|Any CPU
		{59B56A5D-C9B8-4A5E-AB85-4A86F8F5135F}.Ad-Hoc|iPhoneSimulator.Deploy.0 = Release|Any CPU
		{59B56A5D-C9B8-4A5E-AB85-4A86F8F5135F}.AppStore|Any CPU.ActiveCfg = Release|Any CPU
		{59B56A5D-C9B8-4A5E-AB85-4A86F8F5135F}.AppStore|Any CPU.Build.0 = Release|Any CPU
		{59B56A5D-C9B8-4A5E-AB85-4A86F8F5135F}.AppStore|Any CPU.Deploy.0 = Release|Any CPU
		{59B56A5D-C9B8-4A5E-AB85-4A86F8F5135F}.AppStore|iPhone.ActiveCfg = Release|Any CPU
		{59B56A5D-C9B8-4A5E-AB85-4A86F8F5135F}.AppStore|iPhone.Build.0 = Release|Any CPU
		{59B56A5D-C9B8-4A5E-AB85-4A86F8F5135F}.AppStore|iPhone.Deploy.0 = Release|Any CPU
		{59B56A5D-C9B8-4A5E-AB85-4A86F8F5135F}.AppStore|iPhoneSimulator.ActiveCfg = Release|Any CPU
		{59B56A5D-C9B8-4A5E-AB85-4A86F8F5135F}.AppStore|iPhoneSimulator.Build.0 = Release|Any CPU
		{59B56A5D-C9B8-4A5E-AB85-4A86F8F5135F}.AppStore|iPhoneSimulator.Deploy.0 = Release|Any CPU
		{59B56A5D-C9B8-4A5E-AB85-4A86F8F5135F}.Debug|Any CPU.ActiveCfg = Debug|Any CPU
		{59B56A5D-C9B8-4A5E-AB85-4A86F8F5135F}.Debug|Any CPU.Build.0 = Debug|Any CPU
		{59B56A5D-C9B8-4A5E-AB85-4A86F8F5135F}.Debug|Any CPU.Deploy.0 = Debug|Any CPU
		{59B56A5D-C9B8-4A5E-AB85-4A86F8F5135F}.Debug|iPhone.ActiveCfg = Debug|Any CPU
		{59B56A5D-C9B8-4A5E-AB85-4A86F8F5135F}.Debug|iPhone.Build.0 = Debug|Any CPU
		{59B56A5D-C9B8-4A5E-AB85-4A86F8F5135F}.Debug|iPhone.Deploy.0 = Debug|Any CPU
		{59B56A5D-C9B8-4A5E-AB85-4A86F8F5135F}.Debug|iPhoneSimulator.ActiveCfg = Debug|Any CPU
		{59B56A5D-C9B8-4A5E-AB85-4A86F8F5135F}.Debug|iPhoneSimulator.Build.0 = Debug|Any CPU
		{59B56A5D-C9B8-4A5E-AB85-4A86F8F5135F}.Debug|iPhoneSimulator.Deploy.0 = Debug|Any CPU
		{59B56A5D-C9B8-4A5E-AB85-4A86F8F5135F}.Release|Any CPU.ActiveCfg = Release|Any CPU
		{59B56A5D-C9B8-4A5E-AB85-4A86F8F5135F}.Release|Any CPU.Build.0 = Release|Any CPU
		{59B56A5D-C9B8-4A5E-AB85-4A86F8F5135F}.Release|Any CPU.Deploy.0 = Release|Any CPU
		{59B56A5D-C9B8-4A5E-AB85-4A86F8F5135F}.Release|iPhone.ActiveCfg = Release|Any CPU
		{59B56A5D-C9B8-4A5E-AB85-4A86F8F5135F}.Release|iPhone.Build.0 = Release|Any CPU
		{59B56A5D-C9B8-4A5E-AB85-4A86F8F5135F}.Release|iPhone.Deploy.0 = Release|Any CPU
		{59B56A5D-C9B8-4A5E-AB85-4A86F8F5135F}.Release|iPhoneSimulator.ActiveCfg = Release|Any CPU
		{59B56A5D-C9B8-4A5E-AB85-4A86F8F5135F}.Release|iPhoneSimulator.Build.0 = Release|Any CPU
		{59B56A5D-C9B8-4A5E-AB85-4A86F8F5135F}.Release|iPhoneSimulator.Deploy.0 = Release|Any CPU
		{111FF97D-281A-4BAE-B3F9-C6E25D3E654A}.Ad-Hoc|Any CPU.ActiveCfg = Ad-Hoc|iPhone
		{111FF97D-281A-4BAE-B3F9-C6E25D3E654A}.Ad-Hoc|iPhone.ActiveCfg = Ad-Hoc|iPhone
		{111FF97D-281A-4BAE-B3F9-C6E25D3E654A}.Ad-Hoc|iPhone.Build.0 = Ad-Hoc|iPhone
		{111FF97D-281A-4BAE-B3F9-C6E25D3E654A}.Ad-Hoc|iPhoneSimulator.ActiveCfg = Ad-Hoc|iPhoneSimulator
		{111FF97D-281A-4BAE-B3F9-C6E25D3E654A}.Ad-Hoc|iPhoneSimulator.Build.0 = Ad-Hoc|iPhoneSimulator
		{111FF97D-281A-4BAE-B3F9-C6E25D3E654A}.AppStore|Any CPU.ActiveCfg = AppStore|iPhone
		{111FF97D-281A-4BAE-B3F9-C6E25D3E654A}.AppStore|iPhone.ActiveCfg = AppStore|iPhone
		{111FF97D-281A-4BAE-B3F9-C6E25D3E654A}.AppStore|iPhone.Build.0 = AppStore|iPhone
		{111FF97D-281A-4BAE-B3F9-C6E25D3E654A}.AppStore|iPhoneSimulator.ActiveCfg = AppStore|iPhoneSimulator
		{111FF97D-281A-4BAE-B3F9-C6E25D3E654A}.AppStore|iPhoneSimulator.Build.0 = AppStore|iPhoneSimulator
		{111FF97D-281A-4BAE-B3F9-C6E25D3E654A}.Debug|Any CPU.ActiveCfg = Debug|iPhone
		{111FF97D-281A-4BAE-B3F9-C6E25D3E654A}.Debug|iPhone.ActiveCfg = Debug|iPhone
		{111FF97D-281A-4BAE-B3F9-C6E25D3E654A}.Debug|iPhone.Build.0 = Debug|iPhone
		{111FF97D-281A-4BAE-B3F9-C6E25D3E654A}.Debug|iPhoneSimulator.ActiveCfg = Debug|iPhoneSimulator
		{111FF97D-281A-4BAE-B3F9-C6E25D3E654A}.Debug|iPhoneSimulator.Build.0 = Debug|iPhoneSimulator
		{111FF97D-281A-4BAE-B3F9-C6E25D3E654A}.Release|Any CPU.ActiveCfg = Release|iPhone
		{111FF97D-281A-4BAE-B3F9-C6E25D3E654A}.Release|iPhone.ActiveCfg = Release|iPhone
		{111FF97D-281A-4BAE-B3F9-C6E25D3E654A}.Release|iPhone.Build.0 = Release|iPhone
		{111FF97D-281A-4BAE-B3F9-C6E25D3E654A}.Release|iPhoneSimulator.ActiveCfg = Release|iPhoneSimulator
		{111FF97D-281A-4BAE-B3F9-C6E25D3E654A}.Release|iPhoneSimulator.Build.0 = Release|iPhoneSimulator
		{34C647E8-4C51-4D01-A013-7BAA7B297FB6}.Ad-Hoc|Any CPU.ActiveCfg = Debug|Any CPU
		{34C647E8-4C51-4D01-A013-7BAA7B297FB6}.Ad-Hoc|Any CPU.Build.0 = Debug|Any CPU
		{34C647E8-4C51-4D01-A013-7BAA7B297FB6}.Ad-Hoc|iPhone.ActiveCfg = Debug|Any CPU
		{34C647E8-4C51-4D01-A013-7BAA7B297FB6}.Ad-Hoc|iPhone.Build.0 = Debug|Any CPU
		{34C647E8-4C51-4D01-A013-7BAA7B297FB6}.Ad-Hoc|iPhoneSimulator.ActiveCfg = Debug|Any CPU
		{34C647E8-4C51-4D01-A013-7BAA7B297FB6}.Ad-Hoc|iPhoneSimulator.Build.0 = Debug|Any CPU
		{34C647E8-4C51-4D01-A013-7BAA7B297FB6}.AppStore|Any CPU.ActiveCfg = Debug|Any CPU
		{34C647E8-4C51-4D01-A013-7BAA7B297FB6}.AppStore|Any CPU.Build.0 = Debug|Any CPU
		{34C647E8-4C51-4D01-A013-7BAA7B297FB6}.AppStore|iPhone.ActiveCfg = Debug|Any CPU
		{34C647E8-4C51-4D01-A013-7BAA7B297FB6}.AppStore|iPhone.Build.0 = Debug|Any CPU
		{34C647E8-4C51-4D01-A013-7BAA7B297FB6}.AppStore|iPhoneSimulator.ActiveCfg = Debug|Any CPU
		{34C647E8-4C51-4D01-A013-7BAA7B297FB6}.AppStore|iPhoneSimulator.Build.0 = Debug|Any CPU
		{34C647E8-4C51-4D01-A013-7BAA7B297FB6}.Debug|Any CPU.ActiveCfg = Debug|Any CPU
		{34C647E8-4C51-4D01-A013-7BAA7B297FB6}.Debug|Any CPU.Build.0 = Debug|Any CPU
		{34C647E8-4C51-4D01-A013-7BAA7B297FB6}.Debug|iPhone.ActiveCfg = Debug|Any CPU
		{34C647E8-4C51-4D01-A013-7BAA7B297FB6}.Debug|iPhone.Build.0 = Debug|Any CPU
		{34C647E8-4C51-4D01-A013-7BAA7B297FB6}.Debug|iPhoneSimulator.ActiveCfg = Debug|Any CPU
		{34C647E8-4C51-4D01-A013-7BAA7B297FB6}.Debug|iPhoneSimulator.Build.0 = Debug|Any CPU
		{34C647E8-4C51-4D01-A013-7BAA7B297FB6}.Release|Any CPU.ActiveCfg = Release|Any CPU
		{34C647E8-4C51-4D01-A013-7BAA7B297FB6}.Release|Any CPU.Build.0 = Release|Any CPU
		{34C647E8-4C51-4D01-A013-7BAA7B297FB6}.Release|iPhone.ActiveCfg = Release|Any CPU
		{34C647E8-4C51-4D01-A013-7BAA7B297FB6}.Release|iPhone.Build.0 = Release|Any CPU
		{34C647E8-4C51-4D01-A013-7BAA7B297FB6}.Release|iPhoneSimulator.ActiveCfg = Release|Any CPU
		{34C647E8-4C51-4D01-A013-7BAA7B297FB6}.Release|iPhoneSimulator.Build.0 = Release|Any CPU
	EndGlobalSection
	GlobalSection(SolutionProperties) = preSolution
		HideSolutionNode = FALSE
	EndGlobalSection
	GlobalSection(NestedProjects) = preSolution
		{AA1CD122-8C29-4791-AB90-0FD106ED9AE5} = {87ADA447-E065-4AB7-BED9-2FFC7DC92730}
		{CB0A103A-055A-4D13-AAD8-EC3B9F0C0E37} = {87ADA447-E065-4AB7-BED9-2FFC7DC92730}
		{233066C6-29EB-4F69-8293-AC2F102BC3AC} = {87ADA447-E065-4AB7-BED9-2FFC7DC92730}
		{08E90AC9-853D-4C8C-83BE-A932ED7C99A4} = {87ADA447-E065-4AB7-BED9-2FFC7DC92730}
		{59B56A5D-C9B8-4A5E-AB85-4A86F8F5135F} = {87ADA447-E065-4AB7-BED9-2FFC7DC92730}
		{111FF97D-281A-4BAE-B3F9-C6E25D3E654A} = {87ADA447-E065-4AB7-BED9-2FFC7DC92730}
		{34C647E8-4C51-4D01-A013-7BAA7B297FB6} = {87ADA447-E065-4AB7-BED9-2FFC7DC92730}
	EndGlobalSection
	GlobalSection(ExtensibilityGlobals) = postSolution
		SolutionGuid = {615ECB6C-4D38-4DE6-9F27-45FA9B1E3ADA}
	EndGlobalSection
EndGlobal
