
Microsoft Visual Studio Solution File, Format Version 12.00
# Visual Studio 15
VisualStudioVersion = 15.0.27703.2035
MinimumVisualStudioVersion = 10.0.40219.1
Project("{FAE04EC0-301F-11D3-BF4B-00C04F79EFBC}") = "DAL", "DAL\DAL.csproj", "{16C88F8E-A5F2-4352-A458-2F780F17CBEE}"
EndProject
Project("{FAE04EC0-301F-11D3-BF4B-00C04F79EFBC}") = "Test", "Test\Test.csproj", "{2D1A8114-504B-4940-8A95-8FCDF32EB029}"
EndProject
Project("{9A19103F-16F7-4668-BE54-9A1E7A4F7556}") = "Entities", "Entities\Entities.csproj", "{22407B0B-F4AF-464E-9561-E643EDC74B3B}"
EndProject
Project("{9A19103F-16F7-4668-BE54-9A1E7A4F7556}") = "BLL", "BLL\BLL.csproj", "{5C76754F-4DD2-411B-8D08-07674DEDA5C1}"
EndProject
Project("{9A19103F-16F7-4668-BE54-9A1E7A4F7556}") = "SCL", "SCL\SCL.csproj", "{27339F5A-DDA1-4194-A9F6-5874DF2E1499}"
EndProject
Project("{FAE04EC0-301F-11D3-BF4B-00C04F79EFBC}") = "Service", "Service\Service.csproj", "{6E8FAD58-471C-43FC-B2CA-1A5BBC14C9AA}"
EndProject
Project("{9A19103F-16F7-4668-BE54-9A1E7A4F7556}") = "NWindProxyService", "NWindProxyService\NWindProxyService.csproj", "{AA1CD122-8C29-4791-AB90-0FD106ED9AE5}"
EndProject
Project("{2150E333-8FDC-42A3-9474-1A3956D46DE8}") = "PresentationLayer", "PresentationLayer", "{87ADA447-E065-4AB7-BED9-2FFC7DC92730}"
EndProject
Project("{FAE04EC0-301F-11D3-BF4B-00C04F79EFBC}") = "NWind.MVC", "NWind.MVC\NWind.MVC.csproj", "{CB0A103A-055A-4D13-AAD8-EC3B9F0C0E37}"
EndProject
Project("{FAE04EC0-301F-11D3-BF4B-00C04F79EFBC}") = "NWind.WPF", "NWind.WPF\NWind.WPF.csproj", "{233066C6-29EB-4F69-8293-AC2F102BC3AC}"
EndProject
Global
	GlobalSection(SolutionConfigurationPlatforms) = preSolution
		Debug|Any CPU = Debug|Any CPU
		Release|Any CPU = Release|Any CPU
	EndGlobalSection
	GlobalSection(ProjectConfigurationPlatforms) = postSolution
		{16C88F8E-A5F2-4352-A458-2F780F17CBEE}.Debug|Any CPU.ActiveCfg = Debug|Any CPU
		{16C88F8E-A5F2-4352-A458-2F780F17CBEE}.Debug|Any CPU.Build.0 = Debug|Any CPU
		{16C88F8E-A5F2-4352-A458-2F780F17CBEE}.Release|Any CPU.ActiveCfg = Release|Any CPU
		{16C88F8E-A5F2-4352-A458-2F780F17CBEE}.Release|Any CPU.Build.0 = Release|Any CPU
		{2D1A8114-504B-4940-8A95-8FCDF32EB029}.Debug|Any CPU.ActiveCfg = Debug|Any CPU
		{2D1A8114-504B-4940-8A95-8FCDF32EB029}.Debug|Any CPU.Build.0 = Debug|Any CPU
		{2D1A8114-504B-4940-8A95-8FCDF32EB029}.Release|Any CPU.ActiveCfg = Release|Any CPU
		{2D1A8114-504B-4940-8A95-8FCDF32EB029}.Release|Any CPU.Build.0 = Release|Any CPU
		{22407B0B-F4AF-464E-9561-E643EDC74B3B}.Debug|Any CPU.ActiveCfg = Debug|Any CPU
		{22407B0B-F4AF-464E-9561-E643EDC74B3B}.Debug|Any CPU.Build.0 = Debug|Any CPU
		{22407B0B-F4AF-464E-9561-E643EDC74B3B}.Release|Any CPU.ActiveCfg = Release|Any CPU
		{22407B0B-F4AF-464E-9561-E643EDC74B3B}.Release|Any CPU.Build.0 = Release|Any CPU
		{5C76754F-4DD2-411B-8D08-07674DEDA5C1}.Debug|Any CPU.ActiveCfg = Debug|Any CPU
		{5C76754F-4DD2-411B-8D08-07674DEDA5C1}.Debug|Any CPU.Build.0 = Debug|Any CPU
		{5C76754F-4DD2-411B-8D08-07674DEDA5C1}.Release|Any CPU.ActiveCfg = Release|Any CPU
		{5C76754F-4DD2-411B-8D08-07674DEDA5C1}.Release|Any CPU.Build.0 = Release|Any CPU
		{27339F5A-DDA1-4194-A9F6-5874DF2E1499}.Debug|Any CPU.ActiveCfg = Debug|Any CPU
		{27339F5A-DDA1-4194-A9F6-5874DF2E1499}.Debug|Any CPU.Build.0 = Debug|Any CPU
		{27339F5A-DDA1-4194-A9F6-5874DF2E1499}.Release|Any CPU.ActiveCfg = Release|Any CPU
		{27339F5A-DDA1-4194-A9F6-5874DF2E1499}.Release|Any CPU.Build.0 = Release|Any CPU
		{6E8FAD58-471C-43FC-B2CA-1A5BBC14C9AA}.Debug|Any CPU.ActiveCfg = Debug|Any CPU
		{6E8FAD58-471C-43FC-B2CA-1A5BBC14C9AA}.Debug|Any CPU.Build.0 = Debug|Any CPU
		{6E8FAD58-471C-43FC-B2CA-1A5BBC14C9AA}.Release|Any CPU.ActiveCfg = Release|Any CPU
		{6E8FAD58-471C-43FC-B2CA-1A5BBC14C9AA}.Release|Any CPU.Build.0 = Release|Any CPU
		{AA1CD122-8C29-4791-AB90-0FD106ED9AE5}.Debug|Any CPU.ActiveCfg = Debug|Any CPU
		{AA1CD122-8C29-4791-AB90-0FD106ED9AE5}.Debug|Any CPU.Build.0 = Debug|Any CPU
		{AA1CD122-8C29-4791-AB90-0FD106ED9AE5}.Release|Any CPU.ActiveCfg = Release|Any CPU
		{AA1CD122-8C29-4791-AB90-0FD106ED9AE5}.Release|Any CPU.Build.0 = Release|Any CPU
		{CB0A103A-055A-4D13-AAD8-EC3B9F0C0E37}.Debug|Any CPU.ActiveCfg = Debug|Any CPU
		{CB0A103A-055A-4D13-AAD8-EC3B9F0C0E37}.Debug|Any CPU.Build.0 = Debug|Any CPU
		{CB0A103A-055A-4D13-AAD8-EC3B9F0C0E37}.Release|Any CPU.ActiveCfg = Release|Any CPU
		{CB0A103A-055A-4D13-AAD8-EC3B9F0C0E37}.Release|Any CPU.Build.0 = Release|Any CPU
		{233066C6-29EB-4F69-8293-AC2F102BC3AC}.Debug|Any CPU.ActiveCfg = Debug|Any CPU
		{233066C6-29EB-4F69-8293-AC2F102BC3AC}.Debug|Any CPU.Build.0 = Debug|Any CPU
		{233066C6-29EB-4F69-8293-AC2F102BC3AC}.Release|Any CPU.ActiveCfg = Release|Any CPU
		{233066C6-29EB-4F69-8293-AC2F102BC3AC}.Release|Any CPU.Build.0 = Release|Any CPU
	EndGlobalSection
	GlobalSection(SolutionProperties) = preSolution
		HideSolutionNode = FALSE
	EndGlobalSection
	GlobalSection(NestedProjects) = preSolution
		{AA1CD122-8C29-4791-AB90-0FD106ED9AE5} = {87ADA447-E065-4AB7-BED9-2FFC7DC92730}
		{CB0A103A-055A-4D13-AAD8-EC3B9F0C0E37} = {87ADA447-E065-4AB7-BED9-2FFC7DC92730}
		{233066C6-29EB-4F69-8293-AC2F102BC3AC} = {87ADA447-E065-4AB7-BED9-2FFC7DC92730}
	EndGlobalSection
	GlobalSection(ExtensibilityGlobals) = postSolution
		SolutionGuid = {615ECB6C-4D38-4DE6-9F27-45FA9B1E3ADA}
	EndGlobalSection
EndGlobal
